// !$*UTF8*$!
{
	archiveVersion = 1;
	classes = {
	};
	objectVersion = 46;
	objects = {

/* Begin PBXBuildFile section */
		16221FDF1781E419006B5AF2 /* UIKit.framework in Frameworks */ = {isa = PBXBuildFile; fileRef = 16221FDE1781E419006B5AF2 /* UIKit.framework */; };
		16221FE11781E419006B5AF2 /* Foundation.framework in Frameworks */ = {isa = PBXBuildFile; fileRef = 16221FE01781E419006B5AF2 /* Foundation.framework */; };
		16221FE31781E419006B5AF2 /* CoreGraphics.framework in Frameworks */ = {isa = PBXBuildFile; fileRef = 16221FE21781E419006B5AF2 /* CoreGraphics.framework */; };
		16221FE91781E419006B5AF2 /* InfoPlist.strings in Resources */ = {isa = PBXBuildFile; fileRef = 16221FE71781E419006B5AF2 /* InfoPlist.strings */; };
		16221FEB1781E419006B5AF2 /* main.m in Sources */ = {isa = PBXBuildFile; fileRef = 16221FEA1781E419006B5AF2 /* main.m */; };
		16221FEF1781E419006B5AF2 /* LNAppDelegate.m in Sources */ = {isa = PBXBuildFile; fileRef = 16221FEE1781E419006B5AF2 /* LNAppDelegate.m */; };
		16221FF11781E419006B5AF2 /* Default.png in Resources */ = {isa = PBXBuildFile; fileRef = 16221FF01781E419006B5AF2 /* Default.png */; };
		16221FF31781E419006B5AF2 /* Default@2x.png in Resources */ = {isa = PBXBuildFile; fileRef = 16221FF21781E419006B5AF2 /* Default@2x.png */; };
		16221FF51781E419006B5AF2 /* Default-568h@2x.png in Resources */ = {isa = PBXBuildFile; fileRef = 16221FF41781E419006B5AF2 /* Default-568h@2x.png */; };
		162220001781E42F006B5AF2 /* MOOSelectableListCell.m in Sources */ = {isa = PBXBuildFile; fileRef = 16221FFD1781E42F006B5AF2 /* MOOSelectableListCell.m */; };
		162220011781E42F006B5AF2 /* MOOSelectableListViewController.m in Sources */ = {isa = PBXBuildFile; fileRef = 16221FFF1781E42F006B5AF2 /* MOOSelectableListViewController.m */; };
/* End PBXBuildFile section */

/* Begin PBXFileReference section */
		16221FDB1781E419006B5AF2 /* SelectableListDemo.app */ = {isa = PBXFileReference; explicitFileType = wrapper.application; includeInIndex = 0; path = SelectableListDemo.app; sourceTree = BUILT_PRODUCTS_DIR; };
		16221FDE1781E419006B5AF2 /* UIKit.framework */ = {isa = PBXFileReference; lastKnownFileType = wrapper.framework; name = UIKit.framework; path = System/Library/Frameworks/UIKit.framework; sourceTree = SDKROOT; };
		16221FE01781E419006B5AF2 /* Foundation.framework */ = {isa = PBXFileReference; lastKnownFileType = wrapper.framework; name = Foundation.framework; path = System/Library/Frameworks/Foundation.framework; sourceTree = SDKROOT; };
		16221FE21781E419006B5AF2 /* CoreGraphics.framework */ = {isa = PBXFileReference; lastKnownFileType = wrapper.framework; name = CoreGraphics.framework; path = System/Library/Frameworks/CoreGraphics.framework; sourceTree = SDKROOT; };
		16221FE61781E419006B5AF2 /* SelectableListDemo-Info.plist */ = {isa = PBXFileReference; lastKnownFileType = text.plist.xml; path = "SelectableListDemo-Info.plist"; sourceTree = "<group>"; };
		16221FE81781E419006B5AF2 /* en */ = {isa = PBXFileReference; lastKnownFileType = text.plist.strings; name = en; path = en.lproj/InfoPlist.strings; sourceTree = "<group>"; };
		16221FEA1781E419006B5AF2 /* main.m */ = {isa = PBXFileReference; lastKnownFileType = sourcecode.c.objc; path = main.m; sourceTree = "<group>"; };
		16221FEC1781E419006B5AF2 /* SelectableListDemo-Prefix.pch */ = {isa = PBXFileReference; lastKnownFileType = sourcecode.c.h; path = "SelectableListDemo-Prefix.pch"; sourceTree = "<group>"; };
		16221FED1781E419006B5AF2 /* LNAppDelegate.h */ = {isa = PBXFileReference; lastKnownFileType = sourcecode.c.h; path = LNAppDelegate.h; sourceTree = "<group>"; };
		16221FEE1781E419006B5AF2 /* LNAppDelegate.m */ = {isa = PBXFileReference; lastKnownFileType = sourcecode.c.objc; path = LNAppDelegate.m; sourceTree = "<group>"; };
		16221FF01781E419006B5AF2 /* Default.png */ = {isa = PBXFileReference; lastKnownFileType = image.png; path = Default.png; sourceTree = "<group>"; };
		16221FF21781E419006B5AF2 /* Default@2x.png */ = {isa = PBXFileReference; lastKnownFileType = image.png; path = "Default@2x.png"; sourceTree = "<group>"; };
		16221FF41781E419006B5AF2 /* Default-568h@2x.png */ = {isa = PBXFileReference; lastKnownFileType = image.png; path = "Default-568h@2x.png"; sourceTree = "<group>"; };
		16221FFC1781E42F006B5AF2 /* MOOSelectableListCell.h */ = {isa = PBXFileReference; fileEncoding = 4; lastKnownFileType = sourcecode.c.h; path = MOOSelectableListCell.h; sourceTree = "<group>"; };
		16221FFD1781E42F006B5AF2 /* MOOSelectableListCell.m */ = {isa = PBXFileReference; fileEncoding = 4; lastKnownFileType = sourcecode.c.objc; path = MOOSelectableListCell.m; sourceTree = "<group>"; };
		16221FFE1781E42F006B5AF2 /* MOOSelectableListViewController.h */ = {isa = PBXFileReference; fileEncoding = 4; lastKnownFileType = sourcecode.c.h; path = MOOSelectableListViewController.h; sourceTree = "<group>"; };
		16221FFF1781E42F006B5AF2 /* MOOSelectableListViewController.m */ = {isa = PBXFileReference; fileEncoding = 4; lastKnownFileType = sourcecode.c.objc; path = MOOSelectableListViewController.m; sourceTree = "<group>"; };
/* End PBXFileReference section */

/* Begin PBXFrameworksBuildPhase section */
		16221FD81781E419006B5AF2 /* Frameworks */ = {
			isa = PBXFrameworksBuildPhase;
			buildActionMask = 2147483647;
			files = (
				16221FDF1781E419006B5AF2 /* UIKit.framework in Frameworks */,
				16221FE11781E419006B5AF2 /* Foundation.framework in Frameworks */,
				16221FE31781E419006B5AF2 /* CoreGraphics.framework in Frameworks */,
			);
			runOnlyForDeploymentPostprocessing = 0;
		};
/* End PBXFrameworksBuildPhase section */

/* Begin PBXGroup section */
		16221FD21781E419006B5AF2 = {
			isa = PBXGroup;
			children = (
				16221FE41781E419006B5AF2 /* SelectableListDemo */,
				16221FDD1781E419006B5AF2 /* Frameworks */,
				16221FDC1781E419006B5AF2 /* Products */,
			);
			sourceTree = "<group>";
		};
		16221FDC1781E419006B5AF2 /* Products */ = {
			isa = PBXGroup;
			children = (
				16221FDB1781E419006B5AF2 /* SelectableListDemo.app */,
			);
			name = Products;
			sourceTree = "<group>";
		};
		16221FDD1781E419006B5AF2 /* Frameworks */ = {
			isa = PBXGroup;
			children = (
				16221FDE1781E419006B5AF2 /* UIKit.framework */,
				16221FE01781E419006B5AF2 /* Foundation.framework */,
				16221FE21781E419006B5AF2 /* CoreGraphics.framework */,
			);
			name = Frameworks;
			sourceTree = "<group>";
		};
		16221FE41781E419006B5AF2 /* SelectableListDemo */ = {
			isa = PBXGroup;
			children = (
				16221FFB1781E42F006B5AF2 /* Source */,
				16221FED1781E419006B5AF2 /* LNAppDelegate.h */,
				16221FEE1781E419006B5AF2 /* LNAppDelegate.m */,
				16221FE51781E419006B5AF2 /* Supporting Files */,
			);
			path = SelectableListDemo;
			sourceTree = "<group>";
		};
		16221FE51781E419006B5AF2 /* Supporting Files */ = {
			isa = PBXGroup;
			children = (
				16221FE61781E419006B5AF2 /* SelectableListDemo-Info.plist */,
				16221FE71781E419006B5AF2 /* InfoPlist.strings */,
				16221FEA1781E419006B5AF2 /* main.m */,
				16221FEC1781E419006B5AF2 /* SelectableListDemo-Prefix.pch */,
				16221FF01781E419006B5AF2 /* Default.png */,
				16221FF21781E419006B5AF2 /* Default@2x.png */,
				16221FF41781E419006B5AF2 /* Default-568h@2x.png */,
			);
			name = "Supporting Files";
			sourceTree = "<group>";
		};
		16221FFB1781E42F006B5AF2 /* Source */ = {
			isa = PBXGroup;
			children = (
				16221FFC1781E42F006B5AF2 /* MOOSelectableListCell.h */,
				16221FFD1781E42F006B5AF2 /* MOOSelectableListCell.m */,
				16221FFE1781E42F006B5AF2 /* MOOSelectableListViewController.h */,
				16221FFF1781E42F006B5AF2 /* MOOSelectableListViewController.m */,
			);
			name = Source;
			path = ../../Source;
			sourceTree = "<group>";
		};
/* End PBXGroup section */

/* Begin PBXNativeTarget section */
		16221FDA1781E419006B5AF2 /* SelectableListDemo */ = {
			isa = PBXNativeTarget;
			buildConfigurationList = 16221FF81781E419006B5AF2 /* Build configuration list for PBXNativeTarget "SelectableListDemo" */;
			buildPhases = (
				16221FD71781E419006B5AF2 /* Sources */,
				16221FD81781E419006B5AF2 /* Frameworks */,
				16221FD91781E419006B5AF2 /* Resources */,
			);
			buildRules = (
			);
			dependencies = (
			);
			name = SelectableListDemo;
			productName = SelectableListDemo;
			productReference = 16221FDB1781E419006B5AF2 /* SelectableListDemo.app */;
			productType = "com.apple.product-type.application";
		};
/* End PBXNativeTarget section */

/* Begin PBXProject section */
		16221FD31781E419006B5AF2 /* Project object */ = {
			isa = PBXProject;
			attributes = {
				CLASSPREFIX = LN;
				LastUpgradeCheck = 0460;
				ORGANIZATIONNAME = "Liam Nichols";
			};
			buildConfigurationList = 16221FD61781E419006B5AF2 /* Build configuration list for PBXProject "SelectableListDemo" */;
			compatibilityVersion = "Xcode 3.2";
			developmentRegion = English;
			hasScannedForEncodings = 0;
			knownRegions = (
				en,
			);
			mainGroup = 16221FD21781E419006B5AF2;
			productRefGroup = 16221FDC1781E419006B5AF2 /* Products */;
			projectDirPath = "";
			projectRoot = "";
			targets = (
				16221FDA1781E419006B5AF2 /* SelectableListDemo */,
			);
		};
/* End PBXProject section */

/* Begin PBXResourcesBuildPhase section */
		16221FD91781E419006B5AF2 /* Resources */ = {
			isa = PBXResourcesBuildPhase;
			buildActionMask = 2147483647;
			files = (
				16221FE91781E419006B5AF2 /* InfoPlist.strings in Resources */,
				16221FF11781E419006B5AF2 /* Default.png in Resources */,
				16221FF31781E419006B5AF2 /* Default@2x.png in Resources */,
				16221FF51781E419006B5AF2 /* Default-568h@2x.png in Resources */,
			);
			runOnlyForDeploymentPostprocessing = 0;
		};
/* End PBXResourcesBuildPhase section */

/* Begin PBXSourcesBuildPhase section */
		16221FD71781E419006B5AF2 /* Sources */ = {
			isa = PBXSourcesBuildPhase;
			buildActionMask = 2147483647;
			files = (
				16221FEB1781E419006B5AF2 /* main.m in Sources */,
				16221FEF1781E419006B5AF2 /* LNAppDelegate.m in Sources */,
				162220001781E42F006B5AF2 /* MOOSelectableListCell.m in Sources */,
				162220011781E42F006B5AF2 /* MOOSelectableListViewController.m in Sources */,
			);
			runOnlyForDeploymentPostprocessing = 0;
		};
/* End PBXSourcesBuildPhase section */

/* Begin PBXVariantGroup section */
		16221FE71781E419006B5AF2 /* InfoPlist.strings */ = {
			isa = PBXVariantGroup;
			children = (
				16221FE81781E419006B5AF2 /* en */,
			);
			name = InfoPlist.strings;
			sourceTree = "<group>";
		};
/* End PBXVariantGroup section */

/* Begin XCBuildConfiguration section */
		16221FF61781E419006B5AF2 /* Debug */ = {
			isa = XCBuildConfiguration;
			buildSettings = {
				ALWAYS_SEARCH_USER_PATHS = NO;
				CLANG_CXX_LANGUAGE_STANDARD = "gnu++0x";
				CLANG_CXX_LIBRARY = "libc++";
				CLANG_ENABLE_OBJC_ARC = YES;
				CLANG_WARN_CONSTANT_CONVERSION = YES;
				CLANG_WARN_EMPTY_BODY = YES;
				CLANG_WARN_ENUM_CONVERSION = YES;
				CLANG_WARN_INT_CONVERSION = YES;
				CLANG_WARN__DUPLICATE_METHOD_MATCH = YES;
				"CODE_SIGN_IDENTITY[sdk=iphoneos*]" = "iPhone Developer";
				COPY_PHASE_STRIP = NO;
				GCC_C_LANGUAGE_STANDARD = gnu99;
				GCC_DYNAMIC_NO_PIC = NO;
				GCC_OPTIMIZATION_LEVEL = 0;
				GCC_PREPROCESSOR_DEFINITIONS = (
					"DEBUG=1",
					"$(inherited)",
				);
				GCC_SYMBOLS_PRIVATE_EXTERN = NO;
				GCC_WARN_ABOUT_RETURN_TYPE = YES;
				GCC_WARN_UNINITIALIZED_AUTOS = YES;
				GCC_WARN_UNUSED_VARIABLE = YES;
				IPHONEOS_DEPLOYMENT_TARGET = 6.1;
				ONLY_ACTIVE_ARCH = YES;
				SDKROOT = iphoneos;
			};
			name = Debug;
		};
		16221FF71781E419006B5AF2 /* Release */ = {
			isa = XCBuildConfiguration;
			buildSettings = {
				ALWAYS_SEARCH_USER_PATHS = NO;
				CLANG_CXX_LANGUAGE_STANDARD = "gnu++0x";
				CLANG_CXX_LIBRARY = "libc++";
				CLANG_ENABLE_OBJC_ARC = YES;
				CLANG_WARN_CONSTANT_CONVERSION = YES;
				CLANG_WARN_EMPTY_BODY = YES;
				CLANG_WARN_ENUM_CONVERSION = YES;
				CLANG_WARN_INT_CONVERSION = YES;
				CLANG_WARN__DUPLICATE_METHOD_MATCH = YES;
				"CODE_SIGN_IDENTITY[sdk=iphoneos*]" = "iPhone Developer";
				COPY_PHASE_STRIP = YES;
				GCC_C_LANGUAGE_STANDARD = gnu99;
				GCC_WARN_ABOUT_RETURN_TYPE = YES;
				GCC_WARN_UNINITIALIZED_AUTOS = YES;
				GCC_WARN_UNUSED_VARIABLE = YES;
				IPHONEOS_DEPLOYMENT_TARGET = 6.1;
				OTHER_CFLAGS = "-DNS_BLOCK_ASSERTIONS=1";
				SDKROOT = iphoneos;
				VALIDATE_PRODUCT = YES;
			};
			name = Release;
		};
		16221FF91781E419006B5AF2 /* Debug */ = {
			isa = XCBuildConfiguration;
			buildSettings = {
				GCC_PRECOMPILE_PREFIX_HEADER = YES;
				GCC_PREFIX_HEADER = "SelectableListDemo/SelectableListDemo-Prefix.pch";
				INFOPLIST_FILE = "SelectableListDemo/SelectableListDemo-Info.plist";
				PRODUCT_NAME = "$(TARGET_NAME)";
				WRAPPER_EXTENSION = app;
			};
			name = Debug;
		};
		16221FFA1781E419006B5AF2 /* Release */ = {
			isa = XCBuildConfiguration;
			buildSettings = {
				GCC_PRECOMPILE_PREFIX_HEADER = YES;
				GCC_PREFIX_HEADER = "SelectableListDemo/SelectableListDemo-Prefix.pch";
				INFOPLIST_FILE = "SelectableListDemo/SelectableListDemo-Info.plist";
				PRODUCT_NAME = "$(TARGET_NAME)";
				WRAPPER_EXTENSION = app;
			};
			name = Release;
		};
/* End XCBuildConfiguration section */

/* Begin XCConfigurationList section */
		16221FD61781E419006B5AF2 /* Build configuration list for PBXProject "SelectableListDemo" */ = {
			isa = XCConfigurationList;
			buildConfigurations = (
				16221FF61781E419006B5AF2 /* Debug */,
				16221FF71781E419006B5AF2 /* Release */,
			);
			defaultConfigurationIsVisible = 0;
			defaultConfigurationName = Release;
		};
		16221FF81781E419006B5AF2 /* Build configuration list for PBXNativeTarget "SelectableListDemo" */ = {
			isa = XCConfigurationList;
			buildConfigurations = (
				16221FF91781E419006B5AF2 /* Debug */,
				16221FFA1781E419006B5AF2 /* Release */,
			);
			defaultConfigurationIsVisible = 0;
		};
/* End XCConfigurationList section */
	};
	rootObject = 16221FD31781E419006B5AF2 /* Project object */;
}
